
Microsoft Visual Studio Solution File, Format Version 12.00
# Visual Studio Version 16
VisualStudioVersion = 16.0.32901.82
MinimumVisualStudioVersion = 10.0.40219.1
Project("{FAE04EC0-301F-11D3-BF4B-00C04F79EFBC}") = "VNHelper", "VNHelper\VNHelper.csproj", "{0190BFDD-67DF-4964-A069-F37E56231142}"
EndProject
Global
	GlobalSection(SolutionConfigurationPlatforms) = preSolution
		Debug|Any CPU = Debug|Any CPU
		Release|Any CPU = Release|Any CPU
	EndGlobalSection
	GlobalSection(ProjectConfigurationPlatforms) = postSolution
		{0190BFDD-67DF-4964-A069-F37E56231142}.Debug|Any CPU.ActiveCfg = Debug|Any CPU
		{0190BFDD-67DF-4964-A069-F37E56231142}.Debug|Any CPU.Build.0 = Debug|Any CPU
		{0190BFDD-67DF-4964-A069-F37E56231142}.Release|Any CPU.ActiveCfg = Release|Any CPU
		{0190BFDD-67DF-4964-A069-F37E56231142}.Release|Any CPU.Build.0 = Release|Any CPU
	EndGlobalSection
	GlobalSection(SolutionProperties) = preSolution
		HideSolutionNode = FALSE
	EndGlobalSection
	GlobalSection(ExtensibilityGlobals) = postSolution
		SolutionGuid = {1A5CC1CD-5ECE-4903-81EB-03BC7A4D3DBE}
	EndGlobalSection
EndGlobal
